
Microsoft Visual Studio Solution File, Format Version 12.00
# Visual Studio Version 16
VisualStudioVersion = 16.0.33214.272
MinimumVisualStudioVersion = 10.0.40219.1
Project("{FAE04EC0-301F-11D3-BF4B-00C04F79EFBC}") = "axpwebapp", "axpwebapp\axpwebapp.csproj", "{90633708-2E30-451B-8816-781BC5C4345D}"
EndProject
Global
	GlobalSection(SolutionConfigurationPlatforms) = preSolution
		Debug|Any CPU = Debug|Any CPU
		Release|Any CPU = Release|Any CPU
	EndGlobalSection
	GlobalSection(ProjectConfigurationPlatforms) = postSolution
		{90633708-2E30-451B-8816-781BC5C4345D}.Debug|Any CPU.ActiveCfg = Debug|Any CPU
		{90633708-2E30-451B-8816-781BC5C4345D}.Debug|Any CPU.Build.0 = Debug|Any CPU
		{90633708-2E30-451B-8816-781BC5C4345D}.Release|Any CPU.ActiveCfg = Release|Any CPU
		{90633708-2E30-451B-8816-781BC5C4345D}.Release|Any CPU.Build.0 = Release|Any CPU
	EndGlobalSection
	GlobalSection(SolutionProperties) = preSolution
		HideSolutionNode = FALSE
	EndGlobalSection
	GlobalSection(ExtensibilityGlobals) = postSolution
		SolutionGuid = {00B39EA6-4D57-4AC0-B4C3-C6E232E5CB98}
	EndGlobalSection
EndGlobal
