
Microsoft Visual Studio Solution File, Format Version 12.00
# Visual Studio Version 16
VisualStudioVersion = 16.0.33214.272
MinimumVisualStudioVersion = 10.0.40219.1
Project("{FAE04EC0-301F-11D3-BF4B-00C04F79EFBC}") = "entityfromdbconsole", "entityfromdbconsole\entityfromdbconsole.csproj", "{29237DEA-B16F-4812-85C8-A8F50089F599}"
EndProject
Global
	GlobalSection(SolutionConfigurationPlatforms) = preSolution
		Debug|Any CPU = Debug|Any CPU
		Release|Any CPU = Release|Any CPU
	EndGlobalSection
	GlobalSection(ProjectConfigurationPlatforms) = postSolution
		{29237DEA-B16F-4812-85C8-A8F50089F599}.Debug|Any CPU.ActiveCfg = Debug|Any CPU
		{29237DEA-B16F-4812-85C8-A8F50089F599}.Debug|Any CPU.Build.0 = Debug|Any CPU
		{29237DEA-B16F-4812-85C8-A8F50089F599}.Release|Any CPU.ActiveCfg = Release|Any CPU
		{29237DEA-B16F-4812-85C8-A8F50089F599}.Release|Any CPU.Build.0 = Release|Any CPU
	EndGlobalSection
	GlobalSection(SolutionProperties) = preSolution
		HideSolutionNode = FALSE
	EndGlobalSection
	GlobalSection(ExtensibilityGlobals) = postSolution
		SolutionGuid = {4532C136-3587-4370-964E-2A693C8C997F}
	EndGlobalSection
EndGlobal
