
Microsoft Visual Studio Solution File, Format Version 12.00
# Visual Studio Version 16
VisualStudioVersion = 16.0.33214.272
MinimumVisualStudioVersion = 10.0.40219.1
Project("{FAE04EC0-301F-11D3-BF4B-00C04F79EFBC}") = "aspnewbasic", "aspnewbasic\aspnewbasic.csproj", "{B235B6B8-7B25-48C4-AF09-D2516BB063A6}"
EndProject
Global
	GlobalSection(SolutionConfigurationPlatforms) = preSolution
		Debug|Any CPU = Debug|Any CPU
		Release|Any CPU = Release|Any CPU
	EndGlobalSection
	GlobalSection(ProjectConfigurationPlatforms) = postSolution
		{B235B6B8-7B25-48C4-AF09-D2516BB063A6}.Debug|Any CPU.ActiveCfg = Debug|Any CPU
		{B235B6B8-7B25-48C4-AF09-D2516BB063A6}.Debug|Any CPU.Build.0 = Debug|Any CPU
		{B235B6B8-7B25-48C4-AF09-D2516BB063A6}.Release|Any CPU.ActiveCfg = Release|Any CPU
		{B235B6B8-7B25-48C4-AF09-D2516BB063A6}.Release|Any CPU.Build.0 = Release|Any CPU
	EndGlobalSection
	GlobalSection(SolutionProperties) = preSolution
		HideSolutionNode = FALSE
	EndGlobalSection
	GlobalSection(ExtensibilityGlobals) = postSolution
		SolutionGuid = {AE2E17DE-1648-4548-9779-2BA3C4C8C93A}
	EndGlobalSection
EndGlobal
