
Microsoft Visual Studio Solution File, Format Version 12.00
# Visual Studio Version 16
VisualStudioVersion = 16.0.33214.272
MinimumVisualStudioVersion = 10.0.40219.1
Project("{FAE04EC0-301F-11D3-BF4B-00C04F79EFBC}") = "linqsqlwebapplication", "linqsqlwebapplication\linqsqlwebapplication.csproj", "{3D620874-E2D0-4D28-9FBA-6E99DD8C496E}"
EndProject
Global
	GlobalSection(SolutionConfigurationPlatforms) = preSolution
		Debug|Any CPU = Debug|Any CPU
		Release|Any CPU = Release|Any CPU
	EndGlobalSection
	GlobalSection(ProjectConfigurationPlatforms) = postSolution
		{3D620874-E2D0-4D28-9FBA-6E99DD8C496E}.Debug|Any CPU.ActiveCfg = Debug|Any CPU
		{3D620874-E2D0-4D28-9FBA-6E99DD8C496E}.Debug|Any CPU.Build.0 = Debug|Any CPU
		{3D620874-E2D0-4D28-9FBA-6E99DD8C496E}.Release|Any CPU.ActiveCfg = Release|Any CPU
		{3D620874-E2D0-4D28-9FBA-6E99DD8C496E}.Release|Any CPU.Build.0 = Release|Any CPU
	EndGlobalSection
	GlobalSection(SolutionProperties) = preSolution
		HideSolutionNode = FALSE
	EndGlobalSection
	GlobalSection(ExtensibilityGlobals) = postSolution
		SolutionGuid = {07B56DFF-49F2-438A-A442-D891BEF5B290}
	EndGlobalSection
EndGlobal
